// !$*UTF8*$!
{
	archiveVersion = 1;
	classes = {
	};
	objectVersion = 48;
	objects = {

/* Begin PBXBuildFile section */
		270E36B11F53F10A003E863E /* FancyView.swift in Sources */ = {isa = PBXBuildFile; fileRef = 270E36B01F53F10A003E863E /* FancyView.swift */; };
		270E36B41F53F1BE003E863E /* Constants.swift in Sources */ = {isa = PBXBuildFile; fileRef = 270E36B31F53F1BE003E863E /* Constants.swift */; };
		270E36B61F53F410003E863E /* RoundBtn.swift in Sources */ = {isa = PBXBuildFile; fileRef = 270E36B51F53F410003E863E /* RoundBtn.swift */; };
		270E36B81F53F5B8003E863E /* FacyField.swift in Sources */ = {isa = PBXBuildFile; fileRef = 270E36B71F53F5B8003E863E /* FacyField.swift */; };
		270E36BA1F53FABB003E863E /* FancyBtn.swift in Sources */ = {isa = PBXBuildFile; fileRef = 270E36B91F53FABB003E863E /* FancyBtn.swift */; };
		2747D8171F55D4ED00CC6FB2 /* CircleView.swift in Sources */ = {isa = PBXBuildFile; fileRef = 2747D8161F55D4ED00CC6FB2 /* CircleView.swift */; };
		2749B17C1F54445C0011DD2D /* GoogleService-Info.plist in Resources */ = {isa = PBXBuildFile; fileRef = 2749B17B1F54445B0011DD2D /* GoogleService-Info.plist */; };
		2761936F1F52E7B900A874F5 /* AppDelegate.swift in Sources */ = {isa = PBXBuildFile; fileRef = 2761936E1F52E7B900A874F5 /* AppDelegate.swift */; };
		276193711F52E7B900A874F5 /* SignInVC.swift in Sources */ = {isa = PBXBuildFile; fileRef = 276193701F52E7B900A874F5 /* SignInVC.swift */; };
		276193741F52E7B900A874F5 /* Main.storyboard in Resources */ = {isa = PBXBuildFile; fileRef = 276193721F52E7B900A874F5 /* Main.storyboard */; };
		276193761F52E7B900A874F5 /* Assets.xcassets in Resources */ = {isa = PBXBuildFile; fileRef = 276193751F52E7B900A874F5 /* Assets.xcassets */; };
		276193791F52E7BA00A874F5 /* LaunchScreen.storyboard in Resources */ = {isa = PBXBuildFile; fileRef = 276193771F52E7BA00A874F5 /* LaunchScreen.storyboard */; };
		277D1EC31F55888800D36D23 /* FeedVC.swift in Sources */ = {isa = PBXBuildFile; fileRef = 277D1EC21F55888800D36D23 /* FeedVC.swift */; };
		393CDB3086C50B517E631208 /* Pods_SindredlGram.framework in Frameworks */ = {isa = PBXBuildFile; fileRef = 6C922EBA086A86BF89A33A95 /* Pods_SindredlGram.framework */; };
/* End PBXBuildFile section */

/* Begin PBXFileReference section */
		270E36B01F53F10A003E863E /* FancyView.swift */ = {isa = PBXFileReference; lastKnownFileType = sourcecode.swift; path = FancyView.swift; sourceTree = "<group>"; };
		270E36B31F53F1BE003E863E /* Constants.swift */ = {isa = PBXFileReference; lastKnownFileType = sourcecode.swift; path = Constants.swift; sourceTree = "<group>"; };
		270E36B51F53F410003E863E /* RoundBtn.swift */ = {isa = PBXFileReference; lastKnownFileType = sourcecode.swift; path = RoundBtn.swift; sourceTree = "<group>"; };
		270E36B71F53F5B8003E863E /* FacyField.swift */ = {isa = PBXFileReference; lastKnownFileType = sourcecode.swift; path = FacyField.swift; sourceTree = "<group>"; };
		270E36B91F53FABB003E863E /* FancyBtn.swift */ = {isa = PBXFileReference; lastKnownFileType = sourcecode.swift; path = FancyBtn.swift; sourceTree = "<group>"; };
		2747D8161F55D4ED00CC6FB2 /* CircleView.swift */ = {isa = PBXFileReference; lastKnownFileType = sourcecode.swift; path = CircleView.swift; sourceTree = "<group>"; };
		2749B17B1F54445B0011DD2D /* GoogleService-Info.plist */ = {isa = PBXFileReference; fileEncoding = 4; lastKnownFileType = text.plist.xml; name = "GoogleService-Info.plist"; path = "../../../../Downloads/PokeFinder/GoogleService-Info.plist"; sourceTree = "<group>"; };
		2749B17D1F5448490011DD2D /* SindredlGram.entitlements */ = {isa = PBXFileReference; lastKnownFileType = text.plist.entitlements; path = SindredlGram.entitlements; sourceTree = "<group>"; };
		2761936B1F52E7B900A874F5 /* SindredlGram.app */ = {isa = PBXFileReference; explicitFileType = wrapper.application; includeInIndex = 0; path = SindredlGram.app; sourceTree = BUILT_PRODUCTS_DIR; };
		2761936E1F52E7B900A874F5 /* AppDelegate.swift */ = {isa = PBXFileReference; lastKnownFileType = sourcecode.swift; path = AppDelegate.swift; sourceTree = "<group>"; };
		276193701F52E7B900A874F5 /* SignInVC.swift */ = {isa = PBXFileReference; lastKnownFileType = sourcecode.swift; path = SignInVC.swift; sourceTree = "<group>"; };
		276193731F52E7B900A874F5 /* Base */ = {isa = PBXFileReference; lastKnownFileType = file.storyboard; name = Base; path = Base.lproj/Main.storyboard; sourceTree = "<group>"; };
		276193751F52E7B900A874F5 /* Assets.xcassets */ = {isa = PBXFileReference; lastKnownFileType = folder.assetcatalog; path = Assets.xcassets; sourceTree = "<group>"; };
		276193781F52E7BA00A874F5 /* Base */ = {isa = PBXFileReference; lastKnownFileType = file.storyboard; name = Base; path = Base.lproj/LaunchScreen.storyboard; sourceTree = "<group>"; };
		2761937A1F52E7BA00A874F5 /* Info.plist */ = {isa = PBXFileReference; lastKnownFileType = text.plist.xml; path = Info.plist; sourceTree = "<group>"; };
		277D1EC21F55888800D36D23 /* FeedVC.swift */ = {isa = PBXFileReference; lastKnownFileType = sourcecode.swift; path = FeedVC.swift; sourceTree = "<group>"; };
		5FA3F78F050145F11EC21EB2 /* Pods-SindredlGram.release.xcconfig */ = {isa = PBXFileReference; includeInIndex = 1; lastKnownFileType = text.xcconfig; name = "Pods-SindredlGram.release.xcconfig"; path = "Pods/Target Support Files/Pods-SindredlGram/Pods-SindredlGram.release.xcconfig"; sourceTree = "<group>"; };
		6C922EBA086A86BF89A33A95 /* Pods_SindredlGram.framework */ = {isa = PBXFileReference; explicitFileType = wrapper.framework; includeInIndex = 0; path = Pods_SindredlGram.framework; sourceTree = BUILT_PRODUCTS_DIR; };
		F19D21D13D91B016B661B217 /* Pods-SindredlGram.debug.xcconfig */ = {isa = PBXFileReference; includeInIndex = 1; lastKnownFileType = text.xcconfig; name = "Pods-SindredlGram.debug.xcconfig"; path = "Pods/Target Support Files/Pods-SindredlGram/Pods-SindredlGram.debug.xcconfig"; sourceTree = "<group>"; };
/* End PBXFileReference section */

/* Begin PBXFrameworksBuildPhase section */
		276193681F52E7B900A874F5 /* Frameworks */ = {
			isa = PBXFrameworksBuildPhase;
			buildActionMask = 2147483647;
			files = (
				393CDB3086C50B517E631208 /* Pods_SindredlGram.framework in Frameworks */,
			);
			runOnlyForDeploymentPostprocessing = 0;
		};
/* End PBXFrameworksBuildPhase section */

/* Begin PBXGroup section */
		270E36B21F53F1AC003E863E /* Util */ = {
			isa = PBXGroup;
			children = (
				270E36B31F53F1BE003E863E /* Constants.swift */,
			);
			path = Util;
			sourceTree = "<group>";
		};
		276193621F52E7B900A874F5 = {
			isa = PBXGroup;
			children = (
				2761936D1F52E7B900A874F5 /* SindredlGram */,
				2761936C1F52E7B900A874F5 /* Products */,
				2AD3974350EB769397E0D8DE /* Pods */,
				2867B856D622F2BC8FAFD84F /* Frameworks */,
			);
			sourceTree = "<group>";
		};
		2761936C1F52E7B900A874F5 /* Products */ = {
			isa = PBXGroup;
			children = (
				2761936B1F52E7B900A874F5 /* SindredlGram.app */,
			);
			name = Products;
			sourceTree = "<group>";
		};
		2761936D1F52E7B900A874F5 /* SindredlGram */ = {
			isa = PBXGroup;
			children = (
				2749B17D1F5448490011DD2D /* SindredlGram.entitlements */,
				270E36B21F53F1AC003E863E /* Util */,
				27D844D51F52EA7200A166D3 /* Model */,
				27D844D61F52EA7600A166D3 /* View */,
				27D844D71F52EA7A00A166D3 /* Controller */,
				2761936E1F52E7B900A874F5 /* AppDelegate.swift */,
				276193721F52E7B900A874F5 /* Main.storyboard */,
				276193751F52E7B900A874F5 /* Assets.xcassets */,
				276193771F52E7BA00A874F5 /* LaunchScreen.storyboard */,
				2749B17B1F54445B0011DD2D /* GoogleService-Info.plist */,
				2761937A1F52E7BA00A874F5 /* Info.plist */,
			);
			path = SindredlGram;
			sourceTree = "<group>";
		};
		27D844D51F52EA7200A166D3 /* Model */ = {
			isa = PBXGroup;
			children = (
			);
			path = Model;
			sourceTree = "<group>";
		};
		27D844D61F52EA7600A166D3 /* View */ = {
			isa = PBXGroup;
			children = (
				270E36B01F53F10A003E863E /* FancyView.swift */,
				270E36B51F53F410003E863E /* RoundBtn.swift */,
				270E36B71F53F5B8003E863E /* FacyField.swift */,
				270E36B91F53FABB003E863E /* FancyBtn.swift */,
				2747D8161F55D4ED00CC6FB2 /* CircleView.swift */,
			);
			path = View;
			sourceTree = "<group>";
		};
		27D844D71F52EA7A00A166D3 /* Controller */ = {
			isa = PBXGroup;
			children = (
				276193701F52E7B900A874F5 /* SignInVC.swift */,
				277D1EC21F55888800D36D23 /* FeedVC.swift */,
			);
			path = Controller;
			sourceTree = "<group>";
		};
		2867B856D622F2BC8FAFD84F /* Frameworks */ = {
			isa = PBXGroup;
			children = (
				6C922EBA086A86BF89A33A95 /* Pods_SindredlGram.framework */,
			);
			name = Frameworks;
			sourceTree = "<group>";
		};
		2AD3974350EB769397E0D8DE /* Pods */ = {
			isa = PBXGroup;
			children = (
				F19D21D13D91B016B661B217 /* Pods-SindredlGram.debug.xcconfig */,
				5FA3F78F050145F11EC21EB2 /* Pods-SindredlGram.release.xcconfig */,
			);
			name = Pods;
			sourceTree = "<group>";
		};
/* End PBXGroup section */

/* Begin PBXNativeTarget section */
		2761936A1F52E7B900A874F5 /* SindredlGram */ = {
			isa = PBXNativeTarget;
			buildConfigurationList = 2761937D1F52E7BA00A874F5 /* Build configuration list for PBXNativeTarget "SindredlGram" */;
			buildPhases = (
				4801E0B641B92B376AC8CA9E /* [CP] Check Pods Manifest.lock */,
				276193671F52E7B900A874F5 /* Sources */,
				276193681F52E7B900A874F5 /* Frameworks */,
				276193691F52E7B900A874F5 /* Resources */,
				90DAD67AD26AF6857350D677 /* [CP] Embed Pods Frameworks */,
				37DD55577FEFEDC0FF6511B4 /* [CP] Copy Pods Resources */,
			);
			buildRules = (
			);
			dependencies = (
			);
			name = SindredlGram;
			productName = SindredlGram;
			productReference = 2761936B1F52E7B900A874F5 /* SindredlGram.app */;
			productType = "com.apple.product-type.application";
		};
/* End PBXNativeTarget section */

/* Begin PBXProject section */
		276193631F52E7B900A874F5 /* Project object */ = {
			isa = PBXProject;
			attributes = {
				LastSwiftUpdateCheck = 0900;
				LastUpgradeCheck = 0900;
				ORGANIZATIONNAME = "Sindre Dahl Løken";
				TargetAttributes = {
					2761936A1F52E7B900A874F5 = {
						CreatedOnToolsVersion = 9.0;
						LastSwiftMigration = 0900;
						SystemCapabilities = {
							com.apple.Keychain = {
								enabled = 1;
							};
						};
					};
				};
			};
			buildConfigurationList = 276193661F52E7B900A874F5 /* Build configuration list for PBXProject "SindredlGram" */;
			compatibilityVersion = "Xcode 8.0";
			developmentRegion = en;
			hasScannedForEncodings = 0;
			knownRegions = (
				en,
				Base,
			);
			mainGroup = 276193621F52E7B900A874F5;
			productRefGroup = 2761936C1F52E7B900A874F5 /* Products */;
			projectDirPath = "";
			projectRoot = "";
			targets = (
				2761936A1F52E7B900A874F5 /* SindredlGram */,
			);
		};
/* End PBXProject section */

/* Begin PBXResourcesBuildPhase section */
		276193691F52E7B900A874F5 /* Resources */ = {
			isa = PBXResourcesBuildPhase;
			buildActionMask = 2147483647;
			files = (
				276193791F52E7BA00A874F5 /* LaunchScreen.storyboard in Resources */,
				2749B17C1F54445C0011DD2D /* GoogleService-Info.plist in Resources */,
				276193761F52E7B900A874F5 /* Assets.xcassets in Resources */,
				276193741F52E7B900A874F5 /* Main.storyboard in Resources */,
			);
			runOnlyForDeploymentPostprocessing = 0;
		};
/* End PBXResourcesBuildPhase section */

/* Begin PBXShellScriptBuildPhase section */
		37DD55577FEFEDC0FF6511B4 /* [CP] Copy Pods Resources */ = {
			isa = PBXShellScriptBuildPhase;
			buildActionMask = 2147483647;
			files = (
			);
			inputPaths = (
			);
			name = "[CP] Copy Pods Resources";
			outputPaths = (
			);
			runOnlyForDeploymentPostprocessing = 0;
			shellPath = /bin/sh;
			shellScript = "\"${SRCROOT}/Pods/Target Support Files/Pods-SindredlGram/Pods-SindredlGram-resources.sh\"\n";
			showEnvVarsInLog = 0;
		};
		4801E0B641B92B376AC8CA9E /* [CP] Check Pods Manifest.lock */ = {
			isa = PBXShellScriptBuildPhase;
			buildActionMask = 2147483647;
			files = (
			);
			inputPaths = (
				"${PODS_PODFILE_DIR_PATH}/Podfile.lock",
				"${PODS_ROOT}/Manifest.lock",
			);
			name = "[CP] Check Pods Manifest.lock";
			outputPaths = (
				"$(DERIVED_FILE_DIR)/Pods-SindredlGram-checkManifestLockResult.txt",
			);
			runOnlyForDeploymentPostprocessing = 0;
			shellPath = /bin/sh;
			shellScript = "diff \"${PODS_PODFILE_DIR_PATH}/Podfile.lock\" \"${PODS_ROOT}/Manifest.lock\" > /dev/null\nif [ $? != 0 ] ; then\n    # print error to STDERR\n    echo \"error: The sandbox is not in sync with the Podfile.lock. Run 'pod install' or update your CocoaPods installation.\" >&2\n    exit 1\nfi\n# This output is used by Xcode 'outputs' to avoid re-running this script phase.\necho \"SUCCESS\" > \"${SCRIPT_OUTPUT_FILE_0}\"\n";
			showEnvVarsInLog = 0;
		};
		90DAD67AD26AF6857350D677 /* [CP] Embed Pods Frameworks */ = {
			isa = PBXShellScriptBuildPhase;
			buildActionMask = 2147483647;
			files = (
			);
			inputPaths = (
				"${SRCROOT}/Pods/Target Support Files/Pods-SindredlGram/Pods-SindredlGram-frameworks.sh",
				"${BUILT_PRODUCTS_DIR}/Bolts/Bolts.framework",
				"${BUILT_PRODUCTS_DIR}/FBSDKCoreKit/FBSDKCoreKit.framework",
				"${BUILT_PRODUCTS_DIR}/FBSDKLoginKit/FBSDKLoginKit.framework",
				"${BUILT_PRODUCTS_DIR}/FBSDKShareKit/FBSDKShareKit.framework",
				"${BUILT_PRODUCTS_DIR}/FacebookCore/FacebookCore.framework",
				"${BUILT_PRODUCTS_DIR}/FacebookLogin/FacebookLogin.framework",
				"${BUILT_PRODUCTS_DIR}/FacebookShare/FacebookShare.framework",
				"${BUILT_PRODUCTS_DIR}/GTMSessionFetcher/GTMSessionFetcher.framework",
				"${BUILT_PRODUCTS_DIR}/GoogleToolboxForMac/GoogleToolboxForMac.framework",
				"${BUILT_PRODUCTS_DIR}/SwiftKeychainWrapper/SwiftKeychainWrapper.framework",
				"${BUILT_PRODUCTS_DIR}/leveldb-library/leveldb.framework",
				"${BUILT_PRODUCTS_DIR}/nanopb/nanopb.framework",
			);
			name = "[CP] Embed Pods Frameworks";
			outputPaths = (
				"${TARGET_BUILD_DIR}/${FRAMEWORKS_FOLDER_PATH}/Bolts.framework",
				"${TARGET_BUILD_DIR}/${FRAMEWORKS_FOLDER_PATH}/FBSDKCoreKit.framework",
				"${TARGET_BUILD_DIR}/${FRAMEWORKS_FOLDER_PATH}/FBSDKLoginKit.framework",
				"${TARGET_BUILD_DIR}/${FRAMEWORKS_FOLDER_PATH}/FBSDKShareKit.framework",
				"${TARGET_BUILD_DIR}/${FRAMEWORKS_FOLDER_PATH}/FacebookCore.framework",
				"${TARGET_BUILD_DIR}/${FRAMEWORKS_FOLDER_PATH}/FacebookLogin.framework",
				"${TARGET_BUILD_DIR}/${FRAMEWORKS_FOLDER_PATH}/FacebookShare.framework",
				"${TARGET_BUILD_DIR}/${FRAMEWORKS_FOLDER_PATH}/GTMSessionFetcher.framework",
				"${TARGET_BUILD_DIR}/${FRAMEWORKS_FOLDER_PATH}/GoogleToolboxForMac.framework",
				"${TARGET_BUILD_DIR}/${FRAMEWORKS_FOLDER_PATH}/SwiftKeychainWrapper.framework",
				"${TARGET_BUILD_DIR}/${FRAMEWORKS_FOLDER_PATH}/leveldb.framework",
				"${TARGET_BUILD_DIR}/${FRAMEWORKS_FOLDER_PATH}/nanopb.framework",
			);
			runOnlyForDeploymentPostprocessing = 0;
			shellPath = /bin/sh;
			shellScript = "\"${SRCROOT}/Pods/Target Support Files/Pods-SindredlGram/Pods-SindredlGram-frameworks.sh\"\n";
			showEnvVarsInLog = 0;
		};
/* End PBXShellScriptBuildPhase section */

/* Begin PBXSourcesBuildPhase section */
		276193671F52E7B900A874F5 /* Sources */ = {
			isa = PBXSourcesBuildPhase;
			buildActionMask = 2147483647;
			files = (
				2747D8171F55D4ED00CC6FB2 /* CircleView.swift in Sources */,
				276193711F52E7B900A874F5 /* SignInVC.swift in Sources */,
				270E36B81F53F5B8003E863E /* FacyField.swift in Sources */,
				270E36B61F53F410003E863E /* RoundBtn.swift in Sources */,
				2761936F1F52E7B900A874F5 /* AppDelegate.swift in Sources */,
				277D1EC31F55888800D36D23 /* FeedVC.swift in Sources */,
				270E36B11F53F10A003E863E /* FancyView.swift in Sources */,
				270E36B41F53F1BE003E863E /* Constants.swift in Sources */,
				270E36BA1F53FABB003E863E /* FancyBtn.swift in Sources */,
			);
			runOnlyForDeploymentPostprocessing = 0;
		};
/* End PBXSourcesBuildPhase section */

/* Begin PBXVariantGroup section */
		276193721F52E7B900A874F5 /* Main.storyboard */ = {
			isa = PBXVariantGroup;
			children = (
				276193731F52E7B900A874F5 /* Base */,
			);
			name = Main.storyboard;
			sourceTree = "<group>";
		};
		276193771F52E7BA00A874F5 /* LaunchScreen.storyboard */ = {
			isa = PBXVariantGroup;
			children = (
				276193781F52E7BA00A874F5 /* Base */,
			);
			name = LaunchScreen.storyboard;
			sourceTree = "<group>";
		};
/* End PBXVariantGroup section */

/* Begin XCBuildConfiguration section */
		2761937B1F52E7BA00A874F5 /* Debug */ = {
			isa = XCBuildConfiguration;
			buildSettings = {
				ALWAYS_SEARCH_USER_PATHS = NO;
				CLANG_ANALYZER_NONNULL = YES;
				CLANG_ANALYZER_NUMBER_OBJECT_CONVERSION = YES_AGGRESSIVE;
				CLANG_CXX_LANGUAGE_STANDARD = "gnu++14";
				CLANG_CXX_LIBRARY = "libc++";
				CLANG_ENABLE_MODULES = YES;
				CLANG_ENABLE_OBJC_ARC = YES;
				CLANG_WARN_BLOCK_CAPTURE_AUTORELEASING = YES;
				CLANG_WARN_BOOL_CONVERSION = YES;
				CLANG_WARN_COMMA = YES;
				CLANG_WARN_CONSTANT_CONVERSION = YES;
				CLANG_WARN_DIRECT_OBJC_ISA_USAGE = YES_ERROR;
				CLANG_WARN_DOCUMENTATION_COMMENTS = YES;
				CLANG_WARN_EMPTY_BODY = YES;
				CLANG_WARN_ENUM_CONVERSION = YES;
				CLANG_WARN_INFINITE_RECURSION = YES;
				CLANG_WARN_INT_CONVERSION = YES;
				CLANG_WARN_OBJC_ROOT_CLASS = YES_ERROR;
				CLANG_WARN_RANGE_LOOP_ANALYSIS = YES;
				CLANG_WARN_STRICT_PROTOTYPES = YES;
				CLANG_WARN_SUSPICIOUS_MOVE = YES;
				CLANG_WARN_UNGUARDED_AVAILABILITY = YES_AGGRESSIVE;
				CLANG_WARN_UNREACHABLE_CODE = YES;
				CLANG_WARN__DUPLICATE_METHOD_MATCH = YES;
				CODE_SIGN_IDENTITY = "iPhone Developer";
				COPY_PHASE_STRIP = NO;
				DEBUG_INFORMATION_FORMAT = dwarf;
				ENABLE_STRICT_OBJC_MSGSEND = YES;
				ENABLE_TESTABILITY = YES;
				GCC_C_LANGUAGE_STANDARD = gnu11;
				GCC_DYNAMIC_NO_PIC = NO;
				GCC_NO_COMMON_BLOCKS = YES;
				GCC_OPTIMIZATION_LEVEL = 0;
				GCC_PREPROCESSOR_DEFINITIONS = (
					"DEBUG=1",
					"$(inherited)",
				);
				GCC_WARN_64_TO_32_BIT_CONVERSION = YES;
				GCC_WARN_ABOUT_RETURN_TYPE = YES_ERROR;
				GCC_WARN_UNDECLARED_SELECTOR = YES;
				GCC_WARN_UNINITIALIZED_AUTOS = YES_AGGRESSIVE;
				GCC_WARN_UNUSED_FUNCTION = YES;
				GCC_WARN_UNUSED_VARIABLE = YES;
				IPHONEOS_DEPLOYMENT_TARGET = 11.0;
				MTL_ENABLE_DEBUG_INFO = YES;
				ONLY_ACTIVE_ARCH = YES;
				SDKROOT = iphoneos;
				SWIFT_ACTIVE_COMPILATION_CONDITIONS = DEBUG;
				SWIFT_OPTIMIZATION_LEVEL = "-Onone";
			};
			name = Debug;
		};
		2761937C1F52E7BA00A874F5 /* Release */ = {
			isa = XCBuildConfiguration;
			buildSettings = {
				ALWAYS_SEARCH_USER_PATHS = NO;
				CLANG_ANALYZER_NONNULL = YES;
				CLANG_ANALYZER_NUMBER_OBJECT_CONVERSION = YES_AGGRESSIVE;
				CLANG_CXX_LANGUAGE_STANDARD = "gnu++14";
				CLANG_CXX_LIBRARY = "libc++";
				CLANG_ENABLE_MODULES = YES;
				CLANG_ENABLE_OBJC_ARC = YES;
				CLANG_WARN_BLOCK_CAPTURE_AUTORELEASING = YES;
				CLANG_WARN_BOOL_CONVERSION = YES;
				CLANG_WARN_COMMA = YES;
				CLANG_WARN_CONSTANT_CONVERSION = YES;
				CLANG_WARN_DIRECT_OBJC_ISA_USAGE = YES_ERROR;
				CLANG_WARN_DOCUMENTATION_COMMENTS = YES;
				CLANG_WARN_EMPTY_BODY = YES;
				CLANG_WARN_ENUM_CONVERSION = YES;
				CLANG_WARN_INFINITE_RECURSION = YES;
				CLANG_WARN_INT_CONVERSION = YES;
				CLANG_WARN_OBJC_ROOT_CLASS = YES_ERROR;
				CLANG_WARN_RANGE_LOOP_ANALYSIS = YES;
				CLANG_WARN_STRICT_PROTOTYPES = YES;
				CLANG_WARN_SUSPICIOUS_MOVE = YES;
				CLANG_WARN_UNGUARDED_AVAILABILITY = YES_AGGRESSIVE;
				CLANG_WARN_UNREACHABLE_CODE = YES;
				CLANG_WARN__DUPLICATE_METHOD_MATCH = YES;
				CODE_SIGN_IDENTITY = "iPhone Developer";
				COPY_PHASE_STRIP = NO;
				DEBUG_INFORMATION_FORMAT = "dwarf-with-dsym";
				ENABLE_NS_ASSERTIONS = NO;
				ENABLE_STRICT_OBJC_MSGSEND = YES;
				GCC_C_LANGUAGE_STANDARD = gnu11;
				GCC_NO_COMMON_BLOCKS = YES;
				GCC_WARN_64_TO_32_BIT_CONVERSION = YES;
				GCC_WARN_ABOUT_RETURN_TYPE = YES_ERROR;
				GCC_WARN_UNDECLARED_SELECTOR = YES;
				GCC_WARN_UNINITIALIZED_AUTOS = YES_AGGRESSIVE;
				GCC_WARN_UNUSED_FUNCTION = YES;
				GCC_WARN_UNUSED_VARIABLE = YES;
				IPHONEOS_DEPLOYMENT_TARGET = 11.0;
				MTL_ENABLE_DEBUG_INFO = NO;
				SDKROOT = iphoneos;
				SWIFT_OPTIMIZATION_LEVEL = "-Owholemodule";
				VALIDATE_PRODUCT = YES;
			};
			name = Release;
		};
		2761937E1F52E7BA00A874F5 /* Debug */ = {
			isa = XCBuildConfiguration;
			baseConfigurationReference = F19D21D13D91B016B661B217 /* Pods-SindredlGram.debug.xcconfig */;
			buildSettings = {
				ASSETCATALOG_COMPILER_APPICON_NAME = AppIcon;
				CODE_SIGN_ENTITLEMENTS = SindredlGram/SindredlGram.entitlements;
				DEVELOPMENT_TEAM = 8QWQUTMED2;
				INFOPLIST_FILE = SindredlGram/Info.plist;
				IPHONEOS_DEPLOYMENT_TARGET = 10.1;
				LD_RUNPATH_SEARCH_PATHS = "$(inherited) @executable_path/Frameworks";
				PRODUCT_BUNDLE_IDENTIFIER = com.sindredl.SindredlGram;
				PRODUCT_NAME = "$(TARGET_NAME)";
				SWIFT_SWIFT3_OBJC_INFERENCE = On;
				SWIFT_VERSION = 3.0;
				TARGETED_DEVICE_FAMILY = "1,2";
			};
			name = Debug;
		};
		2761937F1F52E7BA00A874F5 /* Release */ = {
			isa = XCBuildConfiguration;
			baseConfigurationReference = 5FA3F78F050145F11EC21EB2 /* Pods-SindredlGram.release.xcconfig */;
			buildSettings = {
				ASSETCATALOG_COMPILER_APPICON_NAME = AppIcon;
				CODE_SIGN_ENTITLEMENTS = SindredlGram/SindredlGram.entitlements;
				DEVELOPMENT_TEAM = 8QWQUTMED2;
				INFOPLIST_FILE = SindredlGram/Info.plist;
				IPHONEOS_DEPLOYMENT_TARGET = 10.1;
				LD_RUNPATH_SEARCH_PATHS = "$(inherited) @executable_path/Frameworks";
				PRODUCT_BUNDLE_IDENTIFIER = com.sindredl.SindredlGram;
				PRODUCT_NAME = "$(TARGET_NAME)";
				SWIFT_SWIFT3_OBJC_INFERENCE = On;
				SWIFT_VERSION = 3.0;
				TARGETED_DEVICE_FAMILY = "1,2";
			};
			name = Release;
		};
/* End XCBuildConfiguration section */

/* Begin XCConfigurationList section */
		276193661F52E7B900A874F5 /* Build configuration list for PBXProject "SindredlGram" */ = {
			isa = XCConfigurationList;
			buildConfigurations = (
				2761937B1F52E7BA00A874F5 /* Debug */,
				2761937C1F52E7BA00A874F5 /* Release */,
			);
			defaultConfigurationIsVisible = 0;
			defaultConfigurationName = Release;
		};
		2761937D1F52E7BA00A874F5 /* Build configuration list for PBXNativeTarget "SindredlGram" */ = {
			isa = XCConfigurationList;
			buildConfigurations = (
				2761937E1F52E7BA00A874F5 /* Debug */,
				2761937F1F52E7BA00A874F5 /* Release */,
			);
			defaultConfigurationIsVisible = 0;
			defaultConfigurationName = Release;
		};
/* End XCConfigurationList section */
	};
	rootObject = 276193631F52E7B900A874F5 /* Project object */;
}
